
Microsoft Visual Studio Solution File, Format Version 12.00
# Visual Studio Version 16
VisualStudioVersion = 16.0.31729.503
MinimumVisualStudioVersion = 10.0.40219.1
Project("{FAE04EC0-301F-11D3-BF4B-00C04F79EFBC}") = "ContadorManual.Android", "ContadorManual\ContadorManual.Android\ContadorManual.Android.csproj", "{DE156ADB-2AFD-4924-B828-FBD71184786D}"
EndProject
Project("{FAE04EC0-301F-11D3-BF4B-00C04F79EFBC}") = "ContadorManual.iOS", "ContadorManual\ContadorManual.iOS\ContadorManual.iOS.csproj", "{F5326E4E-C5ED-42A5-8D8E-87221F8CD8B9}"
EndProject
Project("{FAE04EC0-301F-11D3-BF4B-00C04F79EFBC}") = "ContadorManual", "ContadorManual\ContadorManual\ContadorManual.csproj", "{0D11F501-6824-443B-A642-9576FF879BBA}"
EndProject
Global
	GlobalSection(SolutionConfigurationPlatforms) = preSolution
		Debug|Any CPU = Debug|Any CPU
		Debug|iPhone = Debug|iPhone
		Debug|iPhoneSimulator = Debug|iPhoneSimulator
		Release|Any CPU = Release|Any CPU
		Release|iPhone = Release|iPhone
		Release|iPhoneSimulator = Release|iPhoneSimulator
	EndGlobalSection
	GlobalSection(ProjectConfigurationPlatforms) = postSolution
		{DE156ADB-2AFD-4924-B828-FBD71184786D}.Debug|Any CPU.ActiveCfg = Debug|Any CPU
		{DE156ADB-2AFD-4924-B828-FBD71184786D}.Debug|Any CPU.Build.0 = Debug|Any CPU
		{DE156ADB-2AFD-4924-B828-FBD71184786D}.Debug|Any CPU.Deploy.0 = Debug|Any CPU
		{DE156ADB-2AFD-4924-B828-FBD71184786D}.Debug|iPhone.ActiveCfg = Debug|Any CPU
		{DE156ADB-2AFD-4924-B828-FBD71184786D}.Debug|iPhone.Build.0 = Debug|Any CPU
		{DE156ADB-2AFD-4924-B828-FBD71184786D}.Debug|iPhone.Deploy.0 = Debug|Any CPU
		{DE156ADB-2AFD-4924-B828-FBD71184786D}.Debug|iPhoneSimulator.ActiveCfg = Debug|Any CPU
		{DE156ADB-2AFD-4924-B828-FBD71184786D}.Debug|iPhoneSimulator.Build.0 = Debug|Any CPU
		{DE156ADB-2AFD-4924-B828-FBD71184786D}.Debug|iPhoneSimulator.Deploy.0 = Debug|Any CPU
		{DE156ADB-2AFD-4924-B828-FBD71184786D}.Release|Any CPU.ActiveCfg = Release|Any CPU
		{DE156ADB-2AFD-4924-B828-FBD71184786D}.Release|Any CPU.Build.0 = Release|Any CPU
		{DE156ADB-2AFD-4924-B828-FBD71184786D}.Release|Any CPU.Deploy.0 = Release|Any CPU
		{DE156ADB-2AFD-4924-B828-FBD71184786D}.Release|iPhone.ActiveCfg = Release|Any CPU
		{DE156ADB-2AFD-4924-B828-FBD71184786D}.Release|iPhone.Build.0 = Release|Any CPU
		{DE156ADB-2AFD-4924-B828-FBD71184786D}.Release|iPhone.Deploy.0 = Release|Any CPU
		{DE156ADB-2AFD-4924-B828-FBD71184786D}.Release|iPhoneSimulator.ActiveCfg = Release|Any CPU
		{DE156ADB-2AFD-4924-B828-FBD71184786D}.Release|iPhoneSimulator.Build.0 = Release|Any CPU
		{DE156ADB-2AFD-4924-B828-FBD71184786D}.Release|iPhoneSimulator.Deploy.0 = Release|Any CPU
		{F5326E4E-C5ED-42A5-8D8E-87221F8CD8B9}.Debug|Any CPU.ActiveCfg = Debug|iPhone
		{F5326E4E-C5ED-42A5-8D8E-87221F8CD8B9}.Debug|Any CPU.Build.0 = Debug|iPhone
		{F5326E4E-C5ED-42A5-8D8E-87221F8CD8B9}.Debug|Any CPU.Deploy.0 = Debug|iPhone
		{F5326E4E-C5ED-42A5-8D8E-87221F8CD8B9}.Debug|iPhone.ActiveCfg = Debug|iPhone
		{F5326E4E-C5ED-42A5-8D8E-87221F8CD8B9}.Debug|iPhone.Build.0 = Debug|iPhone
		{F5326E4E-C5ED-42A5-8D8E-87221F8CD8B9}.Debug|iPhone.Deploy.0 = Debug|iPhone
		{F5326E4E-C5ED-42A5-8D8E-87221F8CD8B9}.Debug|iPhoneSimulator.ActiveCfg = Debug|iPhoneSimulator
		{F5326E4E-C5ED-42A5-8D8E-87221F8CD8B9}.Debug|iPhoneSimulator.Build.0 = Debug|iPhoneSimulator
		{F5326E4E-C5ED-42A5-8D8E-87221F8CD8B9}.Debug|iPhoneSimulator.Deploy.0 = Debug|iPhoneSimulator
		{F5326E4E-C5ED-42A5-8D8E-87221F8CD8B9}.Release|Any CPU.ActiveCfg = Release|iPhoneSimulator
		{F5326E4E-C5ED-42A5-8D8E-87221F8CD8B9}.Release|Any CPU.Build.0 = Release|iPhoneSimulator
		{F5326E4E-C5ED-42A5-8D8E-87221F8CD8B9}.Release|Any CPU.Deploy.0 = Release|iPhoneSimulator
		{F5326E4E-C5ED-42A5-8D8E-87221F8CD8B9}.Release|iPhone.ActiveCfg = Release|iPhone
		{F5326E4E-C5ED-42A5-8D8E-87221F8CD8B9}.Release|iPhone.Build.0 = Release|iPhone
		{F5326E4E-C5ED-42A5-8D8E-87221F8CD8B9}.Release|iPhone.Deploy.0 = Release|iPhone
		{F5326E4E-C5ED-42A5-8D8E-87221F8CD8B9}.Release|iPhoneSimulator.ActiveCfg = Release|iPhoneSimulator
		{F5326E4E-C5ED-42A5-8D8E-87221F8CD8B9}.Release|iPhoneSimulator.Build.0 = Release|iPhoneSimulator
		{F5326E4E-C5ED-42A5-8D8E-87221F8CD8B9}.Release|iPhoneSimulator.Deploy.0 = Release|iPhoneSimulator
		{0D11F501-6824-443B-A642-9576FF879BBA}.Debug|Any CPU.ActiveCfg = Debug|Any CPU
		{0D11F501-6824-443B-A642-9576FF879BBA}.Debug|Any CPU.Build.0 = Debug|Any CPU
		{0D11F501-6824-443B-A642-9576FF879BBA}.Debug|Any CPU.Deploy.0 = Debug|Any CPU
		{0D11F501-6824-443B-A642-9576FF879BBA}.Debug|iPhone.ActiveCfg = Debug|Any CPU
		{0D11F501-6824-443B-A642-9576FF879BBA}.Debug|iPhone.Build.0 = Debug|Any CPU
		{0D11F501-6824-443B-A642-9576FF879BBA}.Debug|iPhone.Deploy.0 = Debug|Any CPU
		{0D11F501-6824-443B-A642-9576FF879BBA}.Debug|iPhoneSimulator.ActiveCfg = Debug|Any CPU
		{0D11F501-6824-443B-A642-9576FF879BBA}.Debug|iPhoneSimulator.Build.0 = Debug|Any CPU
		{0D11F501-6824-443B-A642-9576FF879BBA}.Debug|iPhoneSimulator.Deploy.0 = Debug|Any CPU
		{0D11F501-6824-443B-A642-9576FF879BBA}.Release|Any CPU.ActiveCfg = Release|Any CPU
		{0D11F501-6824-443B-A642-9576FF879BBA}.Release|Any CPU.Build.0 = Release|Any CPU
		{0D11F501-6824-443B-A642-9576FF879BBA}.Release|Any CPU.Deploy.0 = Release|Any CPU
		{0D11F501-6824-443B-A642-9576FF879BBA}.Release|iPhone.ActiveCfg = Release|Any CPU
		{0D11F501-6824-443B-A642-9576FF879BBA}.Release|iPhone.Build.0 = Release|Any CPU
		{0D11F501-6824-443B-A642-9576FF879BBA}.Release|iPhone.Deploy.0 = Release|Any CPU
		{0D11F501-6824-443B-A642-9576FF879BBA}.Release|iPhoneSimulator.ActiveCfg = Release|Any CPU
		{0D11F501-6824-443B-A642-9576FF879BBA}.Release|iPhoneSimulator.Build.0 = Release|Any CPU
		{0D11F501-6824-443B-A642-9576FF879BBA}.Release|iPhoneSimulator.Deploy.0 = Release|Any CPU
	EndGlobalSection
	GlobalSection(SolutionProperties) = preSolution
		HideSolutionNode = FALSE
	EndGlobalSection
	GlobalSection(ExtensibilityGlobals) = postSolution
		SolutionGuid = {D766A737-F6CB-49E9-8556-8A9A7BCC2267}
	EndGlobalSection
EndGlobal
